
Microsoft Visual Studio Solution File, Format Version 12.00
# Visual Studio Version 17
VisualStudioVersion = 17.0.31903.59
MinimumVisualStudioVersion = 10.0.40219.1
Project("{FAE04EC0-301F-11D3-BF4B-00C04F79EFBC}") = "CalculadoraTests", "CalculadoraTests\CalculadoraTests.csproj", "{734D4880-894B-4A68-BD28-7BB041DF5314}"
EndProject
Project("{FAE04EC0-301F-11D3-BF4B-00C04F79EFBC}") = "Calculadora", "Calculadora\Calculadora.csproj", "{B855A93D-3BBE-4A04-9254-A4D17C281FC0}"
EndProject
Global
	GlobalSection(SolutionConfigurationPlatforms) = preSolution
		Debug|Any CPU = Debug|Any CPU
		Release|Any CPU = Release|Any CPU
	EndGlobalSection
	GlobalSection(SolutionProperties) = preSolution
		HideSolutionNode = FALSE
	EndGlobalSection
	GlobalSection(ProjectConfigurationPlatforms) = postSolution
		{734D4880-894B-4A68-BD28-7BB041DF5314}.Debug|Any CPU.ActiveCfg = Debug|Any CPU
		{734D4880-894B-4A68-BD28-7BB041DF5314}.Debug|Any CPU.Build.0 = Debug|Any CPU
		{734D4880-894B-4A68-BD28-7BB041DF5314}.Release|Any CPU.ActiveCfg = Release|Any CPU
		{734D4880-894B-4A68-BD28-7BB041DF5314}.Release|Any CPU.Build.0 = Release|Any CPU
		{B855A93D-3BBE-4A04-9254-A4D17C281FC0}.Debug|Any CPU.ActiveCfg = Debug|Any CPU
		{B855A93D-3BBE-4A04-9254-A4D17C281FC0}.Debug|Any CPU.Build.0 = Debug|Any CPU
		{B855A93D-3BBE-4A04-9254-A4D17C281FC0}.Release|Any CPU.ActiveCfg = Release|Any CPU
		{B855A93D-3BBE-4A04-9254-A4D17C281FC0}.Release|Any CPU.Build.0 = Release|Any CPU
	EndGlobalSection
EndGlobal
